// !$*UTF8*$!
{
	archiveVersion = 1;
	classes = {
	};
	objectVersion = 77;
	objects = {

/* Begin PBXContainerItemProxy section */
		24222CE62D3699240099595A /* PBXContainerItemProxy */ = {
			isa = PBXContainerItemProxy;
			containerPortal = 24222CC72D3699230099595A /* Project object */;
			proxyType = 1;
			remoteGlobalIDString = 24222CCE2D3699230099595A;
			remoteInfo = Planeuro;
		};
		24222CF02D3699240099595A /* PBXContainerItemProxy */ = {
			isa = PBXContainerItemProxy;
			containerPortal = 24222CC72D3699230099595A /* Project object */;
			proxyType = 1;
			remoteGlobalIDString = 24222CCE2D3699230099595A;
			remoteInfo = Planeuro;
		};
/* End PBXContainerItemProxy section */

/* Begin PBXFileReference section */
		24222CCF2D3699230099595A /* Planeuro.app */ = {isa = PBXFileReference; explicitFileType = wrapper.application; includeInIndex = 0; path = Planeuro.app; sourceTree = BUILT_PRODUCTS_DIR; };
		24222CE52D3699240099595A /* PlaneuroTests.xctest */ = {isa = PBXFileReference; explicitFileType = wrapper.cfbundle; includeInIndex = 0; path = PlaneuroTests.xctest; sourceTree = BUILT_PRODUCTS_DIR; };
		24222CEF2D3699240099595A /* PlaneuroUITests.xctest */ = {isa = PBXFileReference; explicitFileType = wrapper.cfbundle; includeInIndex = 0; path = PlaneuroUITests.xctest; sourceTree = BUILT_PRODUCTS_DIR; };
/* End PBXFileReference section */

/* Begin PBXFileSystemSynchronizedBuildFileExceptionSet section */
		24222CF72D3699240099595A /* Exceptions for "Planeuro" folder in "Planeuro" target */ = {
			isa = PBXFileSystemSynchronizedBuildFileExceptionSet;
			membershipExceptions = (
				Info.plist,
			);
			target = 24222CCE2D3699230099595A /* Planeuro */;
		};
		24EA601A2D3869AC00384296 /* Exceptions for "Planeuro" folder in "PlaneuroTests" target */ = {
			isa = PBXFileSystemSynchronizedBuildFileExceptionSet;
			membershipExceptions = (
				"Fonts/Nunito-Black.ttf",
				"Fonts/Nunito-ExtraBold.ttf",
				"Fonts/NunitoSans-Regular.ttf",
			);
			target = 24222CE42D3699240099595A /* PlaneuroTests */;
		};
		24EA601B2D3869AC00384296 /* Exceptions for "Planeuro" folder in "PlaneuroUITests" target */ = {
			isa = PBXFileSystemSynchronizedBuildFileExceptionSet;
			membershipExceptions = (
				"Fonts/Nunito-Black.ttf",
				"Fonts/Nunito-ExtraBold.ttf",
				"Fonts/NunitoSans-Regular.ttf",
			);
			target = 24222CEE2D3699240099595A /* PlaneuroUITests */;
		};
/* End PBXFileSystemSynchronizedBuildFileExceptionSet section */

/* Begin PBXFileSystemSynchronizedRootGroup section */
		24222CD12D3699230099595A /* Planeuro */ = {
			isa = PBXFileSystemSynchronizedRootGroup;
			exceptions = (
				24222CF72D3699240099595A /* Exceptions for "Planeuro" folder in "Planeuro" target */,
				24EA601A2D3869AC00384296 /* Exceptions for "Planeuro" folder in "PlaneuroTests" target */,
				24EA601B2D3869AC00384296 /* Exceptions for "Planeuro" folder in "PlaneuroUITests" target */,
			);
			path = Planeuro;
			sourceTree = "<group>";
		};
		24222CE82D3699240099595A /* PlaneuroTests */ = {
			isa = PBXFileSystemSynchronizedRootGroup;
			path = PlaneuroTests;
			sourceTree = "<group>";
		};
		24222CF22D3699240099595A /* PlaneuroUITests */ = {
			isa = PBXFileSystemSynchronizedRootGroup;
			path = PlaneuroUITests;
			sourceTree = "<group>";
		};
/* End PBXFileSystemSynchronizedRootGroup section */

/* Begin PBXFrameworksBuildPhase section */
		24222CCC2D3699230099595A /* Frameworks */ = {
			isa = PBXFrameworksBuildPhase;
			buildActionMask = 2147483647;
			files = (
			);
			runOnlyForDeploymentPostprocessing = 0;
		};
		24222CE22D3699240099595A /* Frameworks */ = {
			isa = PBXFrameworksBuildPhase;
			buildActionMask = 2147483647;
			files = (
			);
			runOnlyForDeploymentPostprocessing = 0;
		};
		24222CEC2D3699240099595A /* Frameworks */ = {
			isa = PBXFrameworksBuildPhase;
			buildActionMask = 2147483647;
			files = (
			);
			runOnlyForDeploymentPostprocessing = 0;
		};
/* End PBXFrameworksBuildPhase section */

/* Begin PBXGroup section */
		24222CC62D3699230099595A = {
			isa = PBXGroup;
			children = (
				24222CD12D3699230099595A /* Planeuro */,
				24222CE82D3699240099595A /* PlaneuroTests */,
				24222CF22D3699240099595A /* PlaneuroUITests */,
				24222CD02D3699230099595A /* Products */,
			);
			sourceTree = "<group>";
		};
		24222CD02D3699230099595A /* Products */ = {
			isa = PBXGroup;
			children = (
				24222CCF2D3699230099595A /* Planeuro.app */,
				24222CE52D3699240099595A /* PlaneuroTests.xctest */,
				24222CEF2D3699240099595A /* PlaneuroUITests.xctest */,
			);
			name = Products;
			sourceTree = "<group>";
		};
/* End PBXGroup section */

/* Begin PBXNativeTarget section */
		24222CCE2D3699230099595A /* Planeuro */ = {
			isa = PBXNativeTarget;
			buildConfigurationList = 24222CF82D3699240099595A /* Build configuration list for PBXNativeTarget "Planeuro" */;
			buildPhases = (
				24222CCB2D3699230099595A /* Sources */,
				24222CCC2D3699230099595A /* Frameworks */,
				24222CCD2D3699230099595A /* Resources */,
			);
			buildRules = (
			);
			dependencies = (
			);
			fileSystemSynchronizedGroups = (
				24222CD12D3699230099595A /* Planeuro */,
			);
			name = Planeuro;
			packageProductDependencies = (
			);
			productName = Planeuro;
			productReference = 24222CCF2D3699230099595A /* Planeuro.app */;
			productType = "com.apple.product-type.application";
		};
		24222CE42D3699240099595A /* PlaneuroTests */ = {
			isa = PBXNativeTarget;
			buildConfigurationList = 24222CFD2D3699240099595A /* Build configuration list for PBXNativeTarget "PlaneuroTests" */;
			buildPhases = (
				24222CE12D3699240099595A /* Sources */,
				24222CE22D3699240099595A /* Frameworks */,
				24222CE32D3699240099595A /* Resources */,
			);
			buildRules = (
			);
			dependencies = (
				24222CE72D3699240099595A /* PBXTargetDependency */,
			);
			fileSystemSynchronizedGroups = (
				24222CE82D3699240099595A /* PlaneuroTests */,
			);
			name = PlaneuroTests;
			packageProductDependencies = (
			);
			productName = PlaneuroTests;
			productReference = 24222CE52D3699240099595A /* PlaneuroTests.xctest */;
			productType = "com.apple.product-type.bundle.unit-test";
		};
		24222CEE2D3699240099595A /* PlaneuroUITests */ = {
			isa = PBXNativeTarget;
			buildConfigurationList = 24222D002D3699240099595A /* Build configuration list for PBXNativeTarget "PlaneuroUITests" */;
			buildPhases = (
				24222CEB2D3699240099595A /* Sources */,
				24222CEC2D3699240099595A /* Frameworks */,
				24222CED2D3699240099595A /* Resources */,
			);
			buildRules = (
			);
			dependencies = (
				24222CF12D3699240099595A /* PBXTargetDependency */,
			);
			fileSystemSynchronizedGroups = (
				24222CF22D3699240099595A /* PlaneuroUITests */,
			);
			name = PlaneuroUITests;
			packageProductDependencies = (
			);
			productName = PlaneuroUITests;
			productReference = 24222CEF2D3699240099595A /* PlaneuroUITests.xctest */;
			productType = "com.apple.product-type.bundle.ui-testing";
		};
/* End PBXNativeTarget section */

/* Begin PBXProject section */
		24222CC72D3699230099595A /* Project object */ = {
			isa = PBXProject;
			attributes = {
				BuildIndependentTargetsInParallel = 1;
				LastSwiftUpdateCheck = 1610;
				LastUpgradeCheck = 1610;
				TargetAttributes = {
					24222CCE2D3699230099595A = {
						CreatedOnToolsVersion = 16.1;
					};
					24222CE42D3699240099595A = {
						CreatedOnToolsVersion = 16.1;
						TestTargetID = 24222CCE2D3699230099595A;
					};
					24222CEE2D3699240099595A = {
						CreatedOnToolsVersion = 16.1;
						TestTargetID = 24222CCE2D3699230099595A;
					};
				};
			};
			buildConfigurationList = 24222CCA2D3699230099595A /* Build configuration list for PBXProject "Planeuro" */;
			developmentRegion = en;
			hasScannedForEncodings = 0;
			knownRegions = (
				en,
				Base,
			);
			mainGroup = 24222CC62D3699230099595A;
			minimizedProjectReferenceProxies = 1;
			preferredProjectObjectVersion = 77;
			productRefGroup = 24222CD02D3699230099595A /* Products */;
			projectDirPath = "";
			projectRoot = "";
			targets = (
				24222CCE2D3699230099595A /* Planeuro */,
				24222CE42D3699240099595A /* PlaneuroTests */,
				24222CEE2D3699240099595A /* PlaneuroUITests */,
			);
		};
/* End PBXProject section */

/* Begin PBXResourcesBuildPhase section */
		24222CCD2D3699230099595A /* Resources */ = {
			isa = PBXResourcesBuildPhase;
			buildActionMask = 2147483647;
			files = (
			);
			runOnlyForDeploymentPostprocessing = 0;
		};
		24222CE32D3699240099595A /* Resources */ = {
			isa = PBXResourcesBuildPhase;
			buildActionMask = 2147483647;
			files = (
			);
			runOnlyForDeploymentPostprocessing = 0;
		};
		24222CED2D3699240099595A /* Resources */ = {
			isa = PBXResourcesBuildPhase;
			buildActionMask = 2147483647;
			files = (
			);
			runOnlyForDeploymentPostprocessing = 0;
		};
/* End PBXResourcesBuildPhase section */

/* Begin PBXSourcesBuildPhase section */
		24222CCB2D3699230099595A /* Sources */ = {
			isa = PBXSourcesBuildPhase;
			buildActionMask = 2147483647;
			files = (
			);
			runOnlyForDeploymentPostprocessing = 0;
		};
		24222CE12D3699240099595A /* Sources */ = {
			isa = PBXSourcesBuildPhase;
			buildActionMask = 2147483647;
			files = (
			);
			runOnlyForDeploymentPostprocessing = 0;
		};
		24222CEB2D3699240099595A /* Sources */ = {
			isa = PBXSourcesBuildPhase;
			buildActionMask = 2147483647;
			files = (
			);
			runOnlyForDeploymentPostprocessing = 0;
		};
/* End PBXSourcesBuildPhase section */

/* Begin PBXTargetDependency section */
		24222CE72D3699240099595A /* PBXTargetDependency */ = {
			isa = PBXTargetDependency;
			target = 24222CCE2D3699230099595A /* Planeuro */;
			targetProxy = 24222CE62D3699240099595A /* PBXContainerItemProxy */;
		};
		24222CF12D3699240099595A /* PBXTargetDependency */ = {
			isa = PBXTargetDependency;
			target = 24222CCE2D3699230099595A /* Planeuro */;
			targetProxy = 24222CF02D3699240099595A /* PBXContainerItemProxy */;
		};
/* End PBXTargetDependency section */

/* Begin XCBuildConfiguration section */
		24222CF92D3699240099595A /* Debug */ = {
			isa = XCBuildConfiguration;
			buildSettings = {
				ASSETCATALOG_COMPILER_APPICON_NAME = AppIcon;
				ASSETCATALOG_COMPILER_GLOBAL_ACCENT_COLOR_NAME = AccentColor;
				CODE_SIGN_STYLE = Automatic;
				CURRENT_PROJECT_VERSION = 1;
				DEVELOPMENT_TEAM = Y5CLL5WZP8;
				GENERATE_INFOPLIST_FILE = YES;
				INFOPLIST_FILE = Planeuro/Info.plist;
				INFOPLIST_KEY_UIApplicationSupportsIndirectInputEvents = YES;
				INFOPLIST_KEY_UILaunchStoryboardName = LaunchScreen;
				INFOPLIST_KEY_UISupportedInterfaceOrientations_iPad = "UIInterfaceOrientationPortrait UIInterfaceOrientationPortraitUpsideDown UIInterfaceOrientationLandscapeLeft UIInterfaceOrientationLandscapeRight";
				INFOPLIST_KEY_UISupportedInterfaceOrientations_iPhone = "UIInterfaceOrientationPortrait UIInterfaceOrientationLandscapeLeft UIInterfaceOrientationLandscapeRight";
				LD_RUNPATH_SEARCH_PATHS = (
					"$(inherited)",
					"@executable_path/Frameworks",
				);
				MARKETING_VERSION = 1.0;
				PRODUCT_BUNDLE_IDENTIFIER = se.ios.2course.Planeuro;
				PRODUCT_NAME = "$(TARGET_NAME)";
				SWIFT_EMIT_LOC_STRINGS = YES;
				SWIFT_VERSION = 5.0;
				TARGETED_DEVICE_FAMILY = "1,2";
			};
			name = Debug;
		};
		24222CFA2D3699240099595A /* Release */ = {
			isa = XCBuildConfiguration;
			buildSettings = {
				ASSETCATALOG_COMPILER_APPICON_NAME = AppIcon;
				ASSETCATALOG_COMPILER_GLOBAL_ACCENT_COLOR_NAME = AccentColor;
				CODE_SIGN_STYLE = Automatic;
				CURRENT_PROJECT_VERSION = 1;
				DEVELOPMENT_TEAM = Y5CLL5WZP8;
				GENERATE_INFOPLIST_FILE = YES;
				INFOPLIST_FILE = Planeuro/Info.plist;
				INFOPLIST_KEY_UIApplicationSupportsIndirectInputEvents = YES;
				INFOPLIST_KEY_UILaunchStoryboardName = LaunchScreen;
				INFOPLIST_KEY_UISupportedInterfaceOrientations_iPad = "UIInterfaceOrientationPortrait UIInterfaceOrientationPortraitUpsideDown UIInterfaceOrientationLandscapeLeft UIInterfaceOrientationLandscapeRight";
				INFOPLIST_KEY_UISupportedInterfaceOrientations_iPhone = "UIInterfaceOrientationPortrait UIInterfaceOrientationLandscapeLeft UIInterfaceOrientationLandscapeRight";
				LD_RUNPATH_SEARCH_PATHS = (
					"$(inherited)",
					"@executable_path/Frameworks",
				);
				MARKETING_VERSION = 1.0;
				PRODUCT_BUNDLE_IDENTIFIER = se.ios.2course.Planeuro;
				PRODUCT_NAME = "$(TARGET_NAME)";
				SWIFT_EMIT_LOC_STRINGS = YES;
				SWIFT_VERSION = 5.0;
				TARGETED_DEVICE_FAMILY = "1,2";
			};
			name = Release;
		};
		24222CFB2D3699240099595A /* Debug */ = {
			isa = XCBuildConfiguration;
			buildSettings = {
				ALWAYS_SEARCH_USER_PATHS = NO;
				ASSETCATALOG_COMPILER_GENERATE_SWIFT_ASSET_SYMBOL_EXTENSIONS = YES;
				CLANG_ANALYZER_NONNULL = YES;
				CLANG_ANALYZER_NUMBER_OBJECT_CONVERSION = YES_AGGRESSIVE;
				CLANG_CXX_LANGUAGE_STANDARD = "gnu++20";
				CLANG_ENABLE_MODULES = YES;
				CLANG_ENABLE_OBJC_ARC = YES;
				CLANG_ENABLE_OBJC_WEAK = YES;
				CLANG_WARN_BLOCK_CAPTURE_AUTORELEASING = YES;
				CLANG_WARN_BOOL_CONVERSION = YES;
				CLANG_WARN_COMMA = YES;
				CLANG_WARN_CONSTANT_CONVERSION = YES;
				CLANG_WARN_DEPRECATED_OBJC_IMPLEMENTATIONS = YES;
				CLANG_WARN_DIRECT_OBJC_ISA_USAGE = YES_ERROR;
				CLANG_WARN_DOCUMENTATION_COMMENTS = YES;
				CLANG_WARN_EMPTY_BODY = YES;
				CLANG_WARN_ENUM_CONVERSION = YES;
				CLANG_WARN_INFINITE_RECURSION = YES;
				CLANG_WARN_INT_CONVERSION = YES;
				CLANG_WARN_NON_LITERAL_NULL_CONVERSION = YES;
				CLANG_WARN_OBJC_IMPLICIT_RETAIN_SELF = YES;
				CLANG_WARN_OBJC_LITERAL_CONVERSION = YES;
				CLANG_WARN_OBJC_ROOT_CLASS = YES_ERROR;
				CLANG_WARN_QUOTED_INCLUDE_IN_FRAMEWORK_HEADER = YES;
				CLANG_WARN_RANGE_LOOP_ANALYSIS = YES;
				CLANG_WARN_STRICT_PROTOTYPES = YES;
				CLANG_WARN_SUSPICIOUS_MOVE = YES;
				CLANG_WARN_UNGUARDED_AVAILABILITY = YES_AGGRESSIVE;
				CLANG_WARN_UNREACHABLE_CODE = YES;
				CLANG_WARN__DUPLICATE_METHOD_MATCH = YES;
				COPY_PHASE_STRIP = NO;
				DEBUG_INFORMATION_FORMAT = dwarf;
				ENABLE_STRICT_OBJC_MSGSEND = YES;
				ENABLE_TESTABILITY = YES;
				ENABLE_USER_SCRIPT_SANDBOXING = YES;
				GCC_C_LANGUAGE_STANDARD = gnu17;
				GCC_DYNAMIC_NO_PIC = NO;
				GCC_NO_COMMON_BLOCKS = YES;
				GCC_OPTIMIZATION_LEVEL = 0;
				GCC_PREPROCESSOR_DEFINITIONS = (
					"DEBUG=1",
					"$(inherited)",
				);
				GCC_WARN_64_TO_32_BIT_CONVERSION = YES;
				GCC_WARN_ABOUT_RETURN_TYPE = YES_ERROR;
				GCC_WARN_UNDECLARED_SELECTOR = YES;
				GCC_WARN_UNINITIALIZED_AUTOS = YES_AGGRESSIVE;
				GCC_WARN_UNUSED_FUNCTION = YES;
				GCC_WARN_UNUSED_VARIABLE = YES;
				IPHONEOS_DEPLOYMENT_TARGET = 18.1;
				LOCALIZATION_PREFERS_STRING_CATALOGS = YES;
				MTL_ENABLE_DEBUG_INFO = INCLUDE_SOURCE;
				MTL_FAST_MATH = YES;
				ONLY_ACTIVE_ARCH = YES;
				SDKROOT = iphoneos;
				SWIFT_ACTIVE_COMPILATION_CONDITIONS = "DEBUG $(inherited)";
				SWIFT_OPTIMIZATION_LEVEL = "-Onone";
			};
			name = Debug;
		};
		24222CFC2D3699240099595A /* Release */ = {
			isa = XCBuildConfiguration;
			buildSettings = {
				ALWAYS_SEARCH_USER_PATHS = NO;
				ASSETCATALOG_COMPILER_GENERATE_SWIFT_ASSET_SYMBOL_EXTENSIONS = YES;
				CLANG_ANALYZER_NONNULL = YES;
				CLANG_ANALYZER_NUMBER_OBJECT_CONVERSION = YES_AGGRESSIVE;
				CLANG_CXX_LANGUAGE_STANDARD = "gnu++20";
				CLANG_ENABLE_MODULES = YES;
				CLANG_ENABLE_OBJC_ARC = YES;
				CLANG_ENABLE_OBJC_WEAK = YES;
				CLANG_WARN_BLOCK_CAPTURE_AUTORELEASING = YES;
				CLANG_WARN_BOOL_CONVERSION = YES;
				CLANG_WARN_COMMA = YES;
				CLANG_WARN_CONSTANT_CONVERSION = YES;
				CLANG_WARN_DEPRECATED_OBJC_IMPLEMENTATIONS = YES;
				CLANG_WARN_DIRECT_OBJC_ISA_USAGE = YES_ERROR;
				CLANG_WARN_DOCUMENTATION_COMMENTS = YES;
				CLANG_WARN_EMPTY_BODY = YES;
				CLANG_WARN_ENUM_CONVERSION = YES;
				CLANG_WARN_INFINITE_RECURSION = YES;
				CLANG_WARN_INT_CONVERSION = YES;
				CLANG_WARN_NON_LITERAL_NULL_CONVERSION = YES;
				CLANG_WARN_OBJC_IMPLICIT_RETAIN_SELF = YES;
				CLANG_WARN_OBJC_LITERAL_CONVERSION = YES;
				CLANG_WARN_OBJC_ROOT_CLASS = YES_ERROR;
				CLANG_WARN_QUOTED_INCLUDE_IN_FRAMEWORK_HEADER = YES;
				CLANG_WARN_RANGE_LOOP_ANALYSIS = YES;
				CLANG_WARN_STRICT_PROTOTYPES = YES;
				CLANG_WARN_SUSPICIOUS_MOVE = YES;
				CLANG_WARN_UNGUARDED_AVAILABILITY = YES_AGGRESSIVE;
				CLANG_WARN_UNREACHABLE_CODE = YES;
				CLANG_WARN__DUPLICATE_METHOD_MATCH = YES;
				COPY_PHASE_STRIP = NO;
				DEBUG_INFORMATION_FORMAT = "dwarf-with-dsym";
				ENABLE_NS_ASSERTIONS = NO;
				ENABLE_STRICT_OBJC_MSGSEND = YES;
				ENABLE_USER_SCRIPT_SANDBOXING = YES;
				GCC_C_LANGUAGE_STANDARD = gnu17;
				GCC_NO_COMMON_BLOCKS = YES;
				GCC_WARN_64_TO_32_BIT_CONVERSION = YES;
				GCC_WARN_ABOUT_RETURN_TYPE = YES_ERROR;
				GCC_WARN_UNDECLARED_SELECTOR = YES;
				GCC_WARN_UNINITIALIZED_AUTOS = YES_AGGRESSIVE;
				GCC_WARN_UNUSED_FUNCTION = YES;
				GCC_WARN_UNUSED_VARIABLE = YES;
				IPHONEOS_DEPLOYMENT_TARGET = 18.1;
				LOCALIZATION_PREFERS_STRING_CATALOGS = YES;
				MTL_ENABLE_DEBUG_INFO = NO;
				MTL_FAST_MATH = YES;
				SDKROOT = iphoneos;
				SWIFT_COMPILATION_MODE = wholemodule;
				VALIDATE_PRODUCT = YES;
			};
			name = Release;
		};
		24222CFE2D3699240099595A /* Debug */ = {
			isa = XCBuildConfiguration;
			buildSettings = {
				BUNDLE_LOADER = "$(TEST_HOST)";
				CODE_SIGN_STYLE = Automatic;
				CURRENT_PROJECT_VERSION = 1;
				DEVELOPMENT_TEAM = Y5CLL5WZP8;
				GENERATE_INFOPLIST_FILE = YES;
				IPHONEOS_DEPLOYMENT_TARGET = 18.1;
				MARKETING_VERSION = 1.0;
				PRODUCT_BUNDLE_IDENTIFIER = se.ios.2course.PlaneuroTests;
				PRODUCT_NAME = "$(TARGET_NAME)";
				SWIFT_EMIT_LOC_STRINGS = NO;
				SWIFT_VERSION = 5.0;
				TARGETED_DEVICE_FAMILY = "1,2";
				TEST_HOST = "$(BUILT_PRODUCTS_DIR)/Planeuro.app/$(BUNDLE_EXECUTABLE_FOLDER_PATH)/Planeuro";
			};
			name = Debug;
		};
		24222CFF2D3699240099595A /* Release */ = {
			isa = XCBuildConfiguration;
			buildSettings = {
				BUNDLE_LOADER = "$(TEST_HOST)";
				CODE_SIGN_STYLE = Automatic;
				CURRENT_PROJECT_VERSION = 1;
				DEVELOPMENT_TEAM = Y5CLL5WZP8;
				GENERATE_INFOPLIST_FILE = YES;
				IPHONEOS_DEPLOYMENT_TARGET = 18.1;
				MARKETING_VERSION = 1.0;
				PRODUCT_BUNDLE_IDENTIFIER = se.ios.2course.PlaneuroTests;
				PRODUCT_NAME = "$(TARGET_NAME)";
				SWIFT_EMIT_LOC_STRINGS = NO;
				SWIFT_VERSION = 5.0;
				TARGETED_DEVICE_FAMILY = "1,2";
				TEST_HOST = "$(BUILT_PRODUCTS_DIR)/Planeuro.app/$(BUNDLE_EXECUTABLE_FOLDER_PATH)/Planeuro";
			};
			name = Release;
		};
		24222D012D3699240099595A /* Debug */ = {
			isa = XCBuildConfiguration;
			buildSettings = {
				CODE_SIGN_STYLE = Automatic;
				CURRENT_PROJECT_VERSION = 1;
				DEVELOPMENT_TEAM = Y5CLL5WZP8;
				GENERATE_INFOPLIST_FILE = YES;
				MARKETING_VERSION = 1.0;
				PRODUCT_BUNDLE_IDENTIFIER = se.ios.2course.PlaneuroUITests;
				PRODUCT_NAME = "$(TARGET_NAME)";
				SWIFT_EMIT_LOC_STRINGS = NO;
				SWIFT_VERSION = 5.0;
				TARGETED_DEVICE_FAMILY = "1,2";
				TEST_TARGET_NAME = Planeuro;
			};
			name = Debug;
		};
		24222D022D3699240099595A /* Release */ = {
			isa = XCBuildConfiguration;
			buildSettings = {
				CODE_SIGN_STYLE = Automatic;
				CURRENT_PROJECT_VERSION = 1;
				DEVELOPMENT_TEAM = Y5CLL5WZP8;
				GENERATE_INFOPLIST_FILE = YES;
				MARKETING_VERSION = 1.0;
				PRODUCT_BUNDLE_IDENTIFIER = se.ios.2course.PlaneuroUITests;
				PRODUCT_NAME = "$(TARGET_NAME)";
				SWIFT_EMIT_LOC_STRINGS = NO;
				SWIFT_VERSION = 5.0;
				TARGETED_DEVICE_FAMILY = "1,2";
				TEST_TARGET_NAME = Planeuro;
			};
			name = Release;
		};
/* End XCBuildConfiguration section */

/* Begin XCConfigurationList section */
		24222CCA2D3699230099595A /* Build configuration list for PBXProject "Planeuro" */ = {
			isa = XCConfigurationList;
			buildConfigurations = (
				24222CFB2D3699240099595A /* Debug */,
				24222CFC2D3699240099595A /* Release */,
			);
			defaultConfigurationIsVisible = 0;
			defaultConfigurationName = Release;
		};
		24222CF82D3699240099595A /* Build configuration list for PBXNativeTarget "Planeuro" */ = {
			isa = XCConfigurationList;
			buildConfigurations = (
				24222CF92D3699240099595A /* Debug */,
				24222CFA2D3699240099595A /* Release */,
			);
			defaultConfigurationIsVisible = 0;
			defaultConfigurationName = Release;
		};
		24222CFD2D3699240099595A /* Build configuration list for PBXNativeTarget "PlaneuroTests" */ = {
			isa = XCConfigurationList;
			buildConfigurations = (
				24222CFE2D3699240099595A /* Debug */,
				24222CFF2D3699240099595A /* Release */,
			);
			defaultConfigurationIsVisible = 0;
			defaultConfigurationName = Release;
		};
		24222D002D3699240099595A /* Build configuration list for PBXNativeTarget "PlaneuroUITests" */ = {
			isa = XCConfigurationList;
			buildConfigurations = (
				24222D012D3699240099595A /* Debug */,
				24222D022D3699240099595A /* Release */,
			);
			defaultConfigurationIsVisible = 0;
			defaultConfigurationName = Release;
		};
/* End XCConfigurationList section */
	};
	rootObject = 24222CC72D3699230099595A /* Project object */;
}
